// !$*UTF8*$!
{
	archiveVersion = 1;
	classes = {
	};
	objectVersion = 46;
	objects = {

/* Begin PBXBuildFile section */
		280EB4901D22950800A3179E /* main.m in Sources */ = {isa = PBXBuildFile; fileRef = 280EB48F1D22950800A3179E /* main.m */; };
		280EB4931D22950800A3179E /* AppDelegate.m in Sources */ = {isa = PBXBuildFile; fileRef = 280EB4921D22950800A3179E /* AppDelegate.m */; };
		280EB4961D22950800A3179E /* ViewController.m in Sources */ = {isa = PBXBuildFile; fileRef = 280EB4951D22950800A3179E /* ViewController.m */; };
		280EB4991D22950800A3179E /* Main.storyboard in Resources */ = {isa = PBXBuildFile; fileRef = 280EB4971D22950800A3179E /* Main.storyboard */; };
		280EB49B1D22950900A3179E /* Assets.xcassets in Resources */ = {isa = PBXBuildFile; fileRef = 280EB49A1D22950900A3179E /* Assets.xcassets */; };
		280EB49E1D22950900A3179E /* LaunchScreen.storyboard in Resources */ = {isa = PBXBuildFile; fileRef = 280EB49C1D22950900A3179E /* LaunchScreen.storyboard */; };
		280EB4A81D2297C000A3179E /* TDViewCommonTool.m in Sources */ = {isa = PBXBuildFile; fileRef = 280EB4A71D2297C000A3179E /* TDViewCommonTool.m */; };
/* End PBXBuildFile section */

/* Begin PBXFileReference section */
		280EB48B1D22950800A3179E /* TDCommonTools.app */ = {isa = PBXFileReference; explicitFileType = wrapper.application; includeInIndex = 0; path = TDCommonTools.app; sourceTree = BUILT_PRODUCTS_DIR; };
		280EB48F1D22950800A3179E /* main.m */ = {isa = PBXFileReference; lastKnownFileType = sourcecode.c.objc; path = main.m; sourceTree = "<group>"; };
		280EB4911D22950800A3179E /* AppDelegate.h */ = {isa = PBXFileReference; lastKnownFileType = sourcecode.c.h; path = AppDelegate.h; sourceTree = "<group>"; };
		280EB4921D22950800A3179E /* AppDelegate.m */ = {isa = PBXFileReference; lastKnownFileType = sourcecode.c.objc; path = AppDelegate.m; sourceTree = "<group>"; };
		280EB4941D22950800A3179E /* ViewController.h */ = {isa = PBXFileReference; lastKnownFileType = sourcecode.c.h; path = ViewController.h; sourceTree = "<group>"; };
		280EB4951D22950800A3179E /* ViewController.m */ = {isa = PBXFileReference; lastKnownFileType = sourcecode.c.objc; path = ViewController.m; sourceTree = "<group>"; };
		280EB4981D22950800A3179E /* Base */ = {isa = PBXFileReference; lastKnownFileType = file.storyboard; name = Base; path = Base.lproj/Main.storyboard; sourceTree = "<group>"; };
		280EB49A1D22950900A3179E /* Assets.xcassets */ = {isa = PBXFileReference; lastKnownFileType = folder.assetcatalog; path = Assets.xcassets; sourceTree = "<group>"; };
		280EB49D1D22950900A3179E /* Base */ = {isa = PBXFileReference; lastKnownFileType = file.storyboard; name = Base; path = Base.lproj/LaunchScreen.storyboard; sourceTree = "<group>"; };
		280EB49F1D22950900A3179E /* Info.plist */ = {isa = PBXFileReference; lastKnownFileType = text.plist.xml; path = Info.plist; sourceTree = "<group>"; };
		280EB4A61D2297C000A3179E /* TDViewCommonTool.h */ = {isa = PBXFileReference; fileEncoding = 4; lastKnownFileType = sourcecode.c.h; path = TDViewCommonTool.h; sourceTree = "<group>"; };
		280EB4A71D2297C000A3179E /* TDViewCommonTool.m */ = {isa = PBXFileReference; fileEncoding = 4; lastKnownFileType = sourcecode.c.objc; path = TDViewCommonTool.m; sourceTree = "<group>"; };
/* End PBXFileReference section */

/* Begin PBXFrameworksBuildPhase section */
		280EB4881D22950800A3179E /* Frameworks */ = {
			isa = PBXFrameworksBuildPhase;
			buildActionMask = 2147483647;
			files = (
			);
			runOnlyForDeploymentPostprocessing = 0;
		};
/* End PBXFrameworksBuildPhase section */

/* Begin PBXGroup section */
		280EB4821D22950800A3179E = {
			isa = PBXGroup;
			children = (
				280EB48D1D22950800A3179E /* TDCommonTools */,
				280EB48C1D22950800A3179E /* Products */,
			);
			sourceTree = "<group>";
		};
		280EB48C1D22950800A3179E /* Products */ = {
			isa = PBXGroup;
			children = (
				280EB48B1D22950800A3179E /* TDCommonTools.app */,
			);
			name = Products;
			sourceTree = "<group>";
		};
		280EB48D1D22950800A3179E /* TDCommonTools */ = {
			isa = PBXGroup;
			children = (
				280EB4911D22950800A3179E /* AppDelegate.h */,
				280EB4921D22950800A3179E /* AppDelegate.m */,
				280EB4941D22950800A3179E /* ViewController.h */,
				280EB4951D22950800A3179E /* ViewController.m */,
				280EB4A51D22970300A3179E /* commonTools */,
				280EB4971D22950800A3179E /* Main.storyboard */,
				280EB49A1D22950900A3179E /* Assets.xcassets */,
				280EB49C1D22950900A3179E /* LaunchScreen.storyboard */,
				280EB49F1D22950900A3179E /* Info.plist */,
				280EB48E1D22950800A3179E /* Supporting Files */,
			);
			path = TDCommonTools;
			sourceTree = "<group>";
		};
		280EB48E1D22950800A3179E /* Supporting Files */ = {
			isa = PBXGroup;
			children = (
				280EB48F1D22950800A3179E /* main.m */,
			);
			name = "Supporting Files";
			sourceTree = "<group>";
		};
		280EB4A51D22970300A3179E /* commonTools */ = {
			isa = PBXGroup;
			children = (
				280EB4A61D2297C000A3179E /* TDViewCommonTool.h */,
				280EB4A71D2297C000A3179E /* TDViewCommonTool.m */,
			);
			name = commonTools;
			sourceTree = "<group>";
		};
/* End PBXGroup section */

/* Begin PBXNativeTarget section */
		280EB48A1D22950800A3179E /* TDCommonTools */ = {
			isa = PBXNativeTarget;
			buildConfigurationList = 280EB4A21D22950900A3179E /* Build configuration list for PBXNativeTarget "TDCommonTools" */;
			buildPhases = (
				280EB4871D22950800A3179E /* Sources */,
				280EB4881D22950800A3179E /* Frameworks */,
				280EB4891D22950800A3179E /* Resources */,
			);
			buildRules = (
			);
			dependencies = (
			);
			name = TDCommonTools;
			productName = TDCommonTools;
			productReference = 280EB48B1D22950800A3179E /* TDCommonTools.app */;
			productType = "com.apple.product-type.application";
		};
/* End PBXNativeTarget section */

/* Begin PBXProject section */
		280EB4831D22950800A3179E /* Project object */ = {
			isa = PBXProject;
			attributes = {
				LastUpgradeCheck = 0730;
				ORGANIZATIONNAME = TudouDong;
				TargetAttributes = {
					280EB48A1D22950800A3179E = {
						CreatedOnToolsVersion = 7.3;
					};
				};
			};
			buildConfigurationList = 280EB4861D22950800A3179E /* Build configuration list for PBXProject "TDCommonTools" */;
			compatibilityVersion = "Xcode 3.2";
			developmentRegion = English;
			hasScannedForEncodings = 0;
			knownRegions = (
				en,
				Base,
			);
			mainGroup = 280EB4821D22950800A3179E;
			productRefGroup = 280EB48C1D22950800A3179E /* Products */;
			projectDirPath = "";
			projectRoot = "";
			targets = (
				280EB48A1D22950800A3179E /* TDCommonTools */,
			);
		};
/* End PBXProject section */

/* Begin PBXResourcesBuildPhase section */
		280EB4891D22950800A3179E /* Resources */ = {
			isa = PBXResourcesBuildPhase;
			buildActionMask = 2147483647;
			files = (
				280EB49E1D22950900A3179E /* LaunchScreen.storyboard in Resources */,
				280EB49B1D22950900A3179E /* Assets.xcassets in Resources */,
				280EB4991D22950800A3179E /* Main.storyboard in Resources */,
			);
			runOnlyForDeploymentPostprocessing = 0;
		};
/* End PBXResourcesBuildPhase section */

/* Begin PBXSourcesBuildPhase section */
		280EB4871D22950800A3179E /* Sources */ = {
			isa = PBXSourcesBuildPhase;
			buildActionMask = 2147483647;
			files = (
				280EB4961D22950800A3179E /* ViewController.m in Sources */,
				280EB4931D22950800A3179E /* AppDelegate.m in Sources */,
				280EB4901D22950800A3179E /* main.m in Sources */,
				280EB4A81D2297C000A3179E /* TDViewCommonTool.m in Sources */,
			);
			runOnlyForDeploymentPostprocessing = 0;
		};
/* End PBXSourcesBuildPhase section */

/* Begin PBXVariantGroup section */
		280EB4971D22950800A3179E /* Main.storyboard */ = {
			isa = PBXVariantGroup;
			children = (
				280EB4981D22950800A3179E /* Base */,
			);
			name = Main.storyboard;
			sourceTree = "<group>";
		};
		280EB49C1D22950900A3179E /* LaunchScreen.storyboard */ = {
			isa = PBXVariantGroup;
			children = (
				280EB49D1D22950900A3179E /* Base */,
			);
			name = LaunchScreen.storyboard;
			sourceTree = "<group>";
		};
/* End PBXVariantGroup section */

/* Begin XCBuildConfiguration section */
		280EB4A01D22950900A3179E /* Debug */ = {
			isa = XCBuildConfiguration;
			buildSettings = {
				ALWAYS_SEARCH_USER_PATHS = NO;
				CLANG_ANALYZER_NONNULL = YES;
				CLANG_CXX_LANGUAGE_STANDARD = "gnu++0x";
				CLANG_CXX_LIBRARY = "libc++";
				CLANG_ENABLE_MODULES = YES;
				CLANG_ENABLE_OBJC_ARC = YES;
				CLANG_WARN_BOOL_CONVERSION = YES;
				CLANG_WARN_CONSTANT_CONVERSION = YES;
				CLANG_WARN_DIRECT_OBJC_ISA_USAGE = YES_ERROR;
				CLANG_WARN_EMPTY_BODY = YES;
				CLANG_WARN_ENUM_CONVERSION = YES;
				CLANG_WARN_INT_CONVERSION = YES;
				CLANG_WARN_OBJC_ROOT_CLASS = YES_ERROR;
				CLANG_WARN_UNREACHABLE_CODE = YES;
				CLANG_WARN__DUPLICATE_METHOD_MATCH = YES;
				"CODE_SIGN_IDENTITY[sdk=iphoneos*]" = "iPhone Developer";
				COPY_PHASE_STRIP = NO;
				DEBUG_INFORMATION_FORMAT = dwarf;
				ENABLE_STRICT_OBJC_MSGSEND = YES;
				ENABLE_TESTABILITY = YES;
				GCC_C_LANGUAGE_STANDARD = gnu99;
				GCC_DYNAMIC_NO_PIC = NO;
				GCC_NO_COMMON_BLOCKS = YES;
				GCC_OPTIMIZATION_LEVEL = 0;
				GCC_PREPROCESSOR_DEFINITIONS = (
					"DEBUG=1",
					"$(inherited)",
				);
				GCC_WARN_64_TO_32_BIT_CONVERSION = YES;
				GCC_WARN_ABOUT_RETURN_TYPE = YES_ERROR;
				GCC_WARN_UNDECLARED_SELECTOR = YES;
				GCC_WARN_UNINITIALIZED_AUTOS = YES_AGGRESSIVE;
				GCC_WARN_UNUSED_FUNCTION = YES;
				GCC_WARN_UNUSED_VARIABLE = YES;
				IPHONEOS_DEPLOYMENT_TARGET = 9.3;
				MTL_ENABLE_DEBUG_INFO = YES;
				ONLY_ACTIVE_ARCH = YES;
				SDKROOT = iphoneos;
			};
			name = Debug;
		};
		280EB4A11D22950900A3179E /* Release */ = {
			isa = XCBuildConfiguration;
			buildSettings = {
				ALWAYS_SEARCH_USER_PATHS = NO;
				CLANG_ANALYZER_NONNULL = YES;
				CLANG_CXX_LANGUAGE_STANDARD = "gnu++0x";
				CLANG_CXX_LIBRARY = "libc++";
				CLANG_ENABLE_MODULES = YES;
				CLANG_ENABLE_OBJC_ARC = YES;
				CLANG_WARN_BOOL_CONVERSION = YES;
				CLANG_WARN_CONSTANT_CONVERSION = YES;
				CLANG_WARN_DIRECT_OBJC_ISA_USAGE = YES_ERROR;
				CLANG_WARN_EMPTY_BODY = YES;
				CLANG_WARN_ENUM_CONVERSION = YES;
				CLANG_WARN_INT_CONVERSION = YES;
				CLANG_WARN_OBJC_ROOT_CLASS = YES_ERROR;
				CLANG_WARN_UNREACHABLE_CODE = YES;
				CLANG_WARN__DUPLICATE_METHOD_MATCH = YES;
				"CODE_SIGN_IDENTITY[sdk=iphoneos*]" = "iPhone Developer";
				COPY_PHASE_STRIP = NO;
				DEBUG_INFORMATION_FORMAT = "dwarf-with-dsym";
				ENABLE_NS_ASSERTIONS = NO;
				ENABLE_STRICT_OBJC_MSGSEND = YES;
				GCC_C_LANGUAGE_STANDARD = gnu99;
				GCC_NO_COMMON_BLOCKS = YES;
				GCC_WARN_64_TO_32_BIT_CONVERSION = YES;
				GCC_WARN_ABOUT_RETURN_TYPE = YES_ERROR;
				GCC_WARN_UNDECLARED_SELECTOR = YES;
				GCC_WARN_UNINITIALIZED_AUTOS = YES_AGGRESSIVE;
				GCC_WARN_UNUSED_FUNCTION = YES;
				GCC_WARN_UNUSED_VARIABLE = YES;
				IPHONEOS_DEPLOYMENT_TARGET = 9.3;
				MTL_ENABLE_DEBUG_INFO = NO;
				SDKROOT = iphoneos;
				VALIDATE_PRODUCT = YES;
			};
			name = Release;
		};
		280EB4A31D22950900A3179E /* Debug */ = {
			isa = XCBuildConfiguration;
			buildSettings = {
				ASSETCATALOG_COMPILER_APPICON_NAME = AppIcon;
				INFOPLIST_FILE = TDCommonTools/Info.plist;
				LD_RUNPATH_SEARCH_PATHS = "$(inherited) @executable_path/Frameworks";
				PRODUCT_BUNDLE_IDENTIFIER = com.tudoudong.TDCommonTools;
				PRODUCT_NAME = "$(TARGET_NAME)";
			};
			name = Debug;
		};
		280EB4A41D22950900A3179E /* Release */ = {
			isa = XCBuildConfiguration;
			buildSettings = {
				ASSETCATALOG_COMPILER_APPICON_NAME = AppIcon;
				INFOPLIST_FILE = TDCommonTools/Info.plist;
				LD_RUNPATH_SEARCH_PATHS = "$(inherited) @executable_path/Frameworks";
				PRODUCT_BUNDLE_IDENTIFIER = com.tudoudong.TDCommonTools;
				PRODUCT_NAME = "$(TARGET_NAME)";
			};
			name = Release;
		};
/* End XCBuildConfiguration section */

/* Begin XCConfigurationList section */
		280EB4861D22950800A3179E /* Build configuration list for PBXProject "TDCommonTools" */ = {
			isa = XCConfigurationList;
			buildConfigurations = (
				280EB4A01D22950900A3179E /* Debug */,
				280EB4A11D22950900A3179E /* Release */,
			);
			defaultConfigurationIsVisible = 0;
			defaultConfigurationName = Release;
		};
		280EB4A21D22950900A3179E /* Build configuration list for PBXNativeTarget "TDCommonTools" */ = {
			isa = XCConfigurationList;
			buildConfigurations = (
				280EB4A31D22950900A3179E /* Debug */,
				280EB4A41D22950900A3179E /* Release */,
			);
			defaultConfigurationIsVisible = 0;
			defaultConfigurationName = Release;
		};
/* End XCConfigurationList section */
	};
	rootObject = 280EB4831D22950800A3179E /* Project object */;
}
